
Microsoft Visual Studio Solution File, Format Version 12.00
# Visual Studio 15
VisualStudioVersion = 15.0.28307.329
MinimumVisualStudioVersion = 10.0.40219.1
Project("{FAE04EC0-301F-11D3-BF4B-00C04F79EFBC}") = "webPracA", "webPracA\webPracA.csproj", "{53DBD42C-C6AA-476B-82DD-668F5B394A33}"
EndProject
Global
	GlobalSection(SolutionConfigurationPlatforms) = preSolution
		Debug|Any CPU = Debug|Any CPU
		Release|Any CPU = Release|Any CPU
	EndGlobalSection
	GlobalSection(ProjectConfigurationPlatforms) = postSolution
		{53DBD42C-C6AA-476B-82DD-668F5B394A33}.Debug|Any CPU.ActiveCfg = Debug|Any CPU
		{53DBD42C-C6AA-476B-82DD-668F5B394A33}.Debug|Any CPU.Build.0 = Debug|Any CPU
		{53DBD42C-C6AA-476B-82DD-668F5B394A33}.Release|Any CPU.ActiveCfg = Release|Any CPU
		{53DBD42C-C6AA-476B-82DD-668F5B394A33}.Release|Any CPU.Build.0 = Release|Any CPU
	EndGlobalSection
	GlobalSection(SolutionProperties) = preSolution
		HideSolutionNode = FALSE
	EndGlobalSection
	GlobalSection(ExtensibilityGlobals) = postSolution
		SolutionGuid = {F9D3295E-263D-4CE8-A2AD-FEDC1FDC1E0E}
	EndGlobalSection
EndGlobal
